
Microsoft Visual Studio Solution File, Format Version 12.00
# Visual Studio 2012
Project("{F14B399A-7131-4C87-9E4B-1186C45EF12D}") = "PRODUCTION_Report", "PRODUCTION_Report.rptproj", "{F74A75A4-82C4-4818-9E28-B75F33392895}"
EndProject
Global
	GlobalSection(SolutionConfigurationPlatforms) = preSolution
		Debug|Default = Debug|Default
		DebugLocal|Default = DebugLocal|Default
		Release|Default = Release|Default
	EndGlobalSection
	GlobalSection(ProjectConfigurationPlatforms) = postSolution
		{F74A75A4-82C4-4818-9E28-B75F33392895}.Debug|Default.ActiveCfg = Debug
		{F74A75A4-82C4-4818-9E28-B75F33392895}.Debug|Default.Build.0 = Debug
		{F74A75A4-82C4-4818-9E28-B75F33392895}.Debug|Default.Deploy.0 = Debug
		{F74A75A4-82C4-4818-9E28-B75F33392895}.DebugLocal|Default.ActiveCfg = DebugLocal
		{F74A75A4-82C4-4818-9E28-B75F33392895}.DebugLocal|Default.Build.0 = DebugLocal
		{F74A75A4-82C4-4818-9E28-B75F33392895}.DebugLocal|Default.Deploy.0 = DebugLocal
		{F74A75A4-82C4-4818-9E28-B75F33392895}.Release|Default.ActiveCfg = Release
		{F74A75A4-82C4-4818-9E28-B75F33392895}.Release|Default.Build.0 = Release
		{F74A75A4-82C4-4818-9E28-B75F33392895}.Release|Default.Deploy.0 = Release
	EndGlobalSection
	GlobalSection(SolutionProperties) = preSolution
		HideSolutionNode = FALSE
	EndGlobalSection
EndGlobal
