
Microsoft Visual Studio Solution File, Format Version 12.00
# Visual Studio 2012
Project("{FAE04EC0-301F-11D3-BF4B-00C04F79EFBC}") = "GO", "GO\GO.csproj", "{BB388C91-CCB4-4D95-83AE-557258C67E3C}"
EndProject
Project("{F14B399A-7131-4C87-9E4B-1186C45EF12D}") = "HEALTH_Report", "HEALTH_Report\HEALTH_Report.rptproj", "{8388B712-7BEF-427B-99CB-840AB6ED8374}"
EndProject
Project("{FAE04EC0-301F-11D3-BF4B-00C04F79EFBC}") = "HLP", "HLP\HLP.csproj", "{E0919C84-D705-4A3D-9B0C-B84EB36CE633}"
EndProject
Project("{F14B399A-7131-4C87-9E4B-1186C45EF12D}") = "HLP_Report", "HLP_Report\HLP_Report.rptproj", "{7F8ED415-C823-4B3B-9AE6-3B3FF696E2AF}"
EndProject
Project("{FAE04EC0-301F-11D3-BF4B-00C04F79EFBC}") = "ARCHIEVE", "Archieve\ARCHIEVE.csproj", "{BE40AE22-1A21-4C28-A889-D73F6B6633A4}"
EndProject
Project("{FAE04EC0-301F-11D3-BF4B-00C04F79EFBC}") = "FINANCE", "FINANCE\FINANCE.csproj", "{8D909B18-47C6-42AB-975D-F92621640822}"
EndProject
Project("{FAE04EC0-301F-11D3-BF4B-00C04F79EFBC}") = "CUSTOMERS", "CUSTOMERS\CUSTOMERS.csproj", "{514F8AAB-D264-4FC3-AE14-8000EC5C473F}"
EndProject
Project("{FAE04EC0-301F-11D3-BF4B-00C04F79EFBC}") = "HEALTH", "HEALTH\HEALTH.csproj", "{86160DBC-1752-4173-B038-9B29316F34E7}"
EndProject
Project("{F14B399A-7131-4C87-9E4B-1186C45EF12D}") = "FINANCE_Report", "FINANCE_Report\FINANCE_Report.rptproj", "{DC42D2DC-90FC-4F38-AC9B-793DC11B5598}"
EndProject
Project("{FAE04EC0-301F-11D3-BF4B-00C04F79EFBC}") = "SALESMARKET", "SALESMARKET\SALESMARKET.csproj", "{59092C41-E903-46BD-ACEE-969DD51C26A3}"
EndProject
Project("{F14B399A-7131-4C87-9E4B-1186C45EF12D}") = "SECURITY_Report", "SECURITY_Report\SECURITY_Report.rptproj", "{1841D816-21DE-4981-A0A5-9F3275E1CDA1}"
EndProject
Project("{FAE04EC0-301F-11D3-BF4B-00C04F79EFBC}") = "CUSTOMER_PORTAL", "CUSTOMER_PORTAL\CUSTOMER_PORTAL.csproj", "{734BB3E6-3794-4D6B-8C2A-C3B13946201D}"
EndProject
Project("{FAE04EC0-301F-11D3-BF4B-00C04F79EFBC}") = "GLIFE", "GLIFE\GLIFE.csproj", "{01095130-D4AC-4B21-B72E-663CECFE2210}"
EndProject
Project("{FAE04EC0-301F-11D3-BF4B-00C04F79EFBC}") = "GLIFE_PROPOSAL", "GLIFE_PROPOSAL\GLIFE_PROPOSAL.csproj", "{F709D559-150A-4478-B78B-27374142DF6A}"
EndProject
Project("{F14B399A-7131-4C87-9E4B-1186C45EF12D}") = "AGR_Report", "AGR_Report\AGR_Report.rptproj", "{5BDA9851-DCF8-4460-AB6E-60E550FD331A}"
EndProject
Project("{FAE04EC0-301F-11D3-BF4B-00C04F79EFBC}") = "ReportViewer", "ReportViewer\ReportViewer.csproj", "{C7C9F153-97C5-4D85-9C41-DF64E23CF732}"
EndProject
Project("{FAE04EC0-301F-11D3-BF4B-00C04F79EFBC}") = "REAS", "REAS\REAS.csproj", "{0244A683-705B-4552-B2ED-18BFA3CA3BAA}"
EndProject
Project("{FAE04EC0-301F-11D3-BF4B-00C04F79EFBC}") = "AGR", "AGR\AGR.csproj", "{AFCCE07F-A662-498E-99E6-2C37FD32C6D4}"
EndProject
Project("{FAE04EC0-301F-11D3-BF4B-00C04F79EFBC}") = "LIFE", "LIFE\LIFE.csproj", "{8344FFBC-F06E-4B14-8F69-158357B2E855}"
EndProject
Project("{FAE04EC0-301F-11D3-BF4B-00C04F79EFBC}") = "LQ", "LQ\LQ.csproj", "{9A92C844-8A84-4FD5-94CD-79BD08C81890}"
EndProject
Project("{F14B399A-7131-4C87-9E4B-1186C45EF12D}") = "GLIFE_Report", "GLIFE_Report\GLIFE_Report.rptproj", "{03B60A53-8F31-4C42-80D6-1C041F682E22}"
EndProject
Project("{F14B399A-7131-4C87-9E4B-1186C45EF12D}") = "LIFE_Report", "LIFE_Report\LIFE_Report.rptproj", "{AC27DC7D-2C80-4E13-8F89-4E31FDBEDA1A}"
EndProject
Project("{F14B399A-7131-4C87-9E4B-1186C45EF12D}") = "REAS_Report", "REAS_Report\REAS_Report.rptproj", "{D5B9E2E3-ED90-48BE-8BE1-9CD187F23A66}"
EndProject
Project("{FAE04EC0-301F-11D3-BF4B-00C04F79EFBC}") = "UWBOX", "UWBOX\UWBOX.csproj", "{C0F701BA-78AD-477F-9B8A-D8AF34A27F74}"
EndProject
Global
	GlobalSection(SolutionConfigurationPlatforms) = preSolution
		Debug|Any CPU = Debug|Any CPU
		DebugLocal|Any CPU = DebugLocal|Any CPU
		Development|Any CPU = Development|Any CPU
		Production|Any CPU = Production|Any CPU
		Release|Any CPU = Release|Any CPU
	EndGlobalSection
	GlobalSection(ProjectConfigurationPlatforms) = postSolution
		{BB388C91-CCB4-4D95-83AE-557258C67E3C}.Debug|Any CPU.ActiveCfg = Debug|Any CPU
		{BB388C91-CCB4-4D95-83AE-557258C67E3C}.DebugLocal|Any CPU.ActiveCfg = Debug|Any CPU
		{BB388C91-CCB4-4D95-83AE-557258C67E3C}.DebugLocal|Any CPU.Build.0 = Debug|Any CPU
		{BB388C91-CCB4-4D95-83AE-557258C67E3C}.Development|Any CPU.ActiveCfg = Debug|Any CPU
		{BB388C91-CCB4-4D95-83AE-557258C67E3C}.Development|Any CPU.Build.0 = Debug|Any CPU
		{BB388C91-CCB4-4D95-83AE-557258C67E3C}.Production|Any CPU.ActiveCfg = Release|Any CPU
		{BB388C91-CCB4-4D95-83AE-557258C67E3C}.Production|Any CPU.Build.0 = Release|Any CPU
		{BB388C91-CCB4-4D95-83AE-557258C67E3C}.Release|Any CPU.ActiveCfg = Release|Any CPU
		{BB388C91-CCB4-4D95-83AE-557258C67E3C}.Release|Any CPU.Build.0 = Release|Any CPU
		{8388B712-7BEF-427B-99CB-840AB6ED8374}.Debug|Any CPU.ActiveCfg = Debug
		{8388B712-7BEF-427B-99CB-840AB6ED8374}.DebugLocal|Any CPU.ActiveCfg = DebugLocal
		{8388B712-7BEF-427B-99CB-840AB6ED8374}.DebugLocal|Any CPU.Build.0 = DebugLocal
		{8388B712-7BEF-427B-99CB-840AB6ED8374}.Development|Any CPU.ActiveCfg = DebugLocal
		{8388B712-7BEF-427B-99CB-840AB6ED8374}.Development|Any CPU.Build.0 = DebugLocal
		{8388B712-7BEF-427B-99CB-840AB6ED8374}.Development|Any CPU.Deploy.0 = DebugLocal
		{8388B712-7BEF-427B-99CB-840AB6ED8374}.Production|Any CPU.ActiveCfg = Release
		{8388B712-7BEF-427B-99CB-840AB6ED8374}.Production|Any CPU.Build.0 = Release
		{8388B712-7BEF-427B-99CB-840AB6ED8374}.Production|Any CPU.Deploy.0 = Release
		{8388B712-7BEF-427B-99CB-840AB6ED8374}.Release|Any CPU.ActiveCfg = Release
		{8388B712-7BEF-427B-99CB-840AB6ED8374}.Release|Any CPU.Build.0 = Release
		{8388B712-7BEF-427B-99CB-840AB6ED8374}.Release|Any CPU.Deploy.0 = Release
		{E0919C84-D705-4A3D-9B0C-B84EB36CE633}.Debug|Any CPU.ActiveCfg = Debug|Any CPU
		{E0919C84-D705-4A3D-9B0C-B84EB36CE633}.Debug|Any CPU.Build.0 = Debug|Any CPU
		{E0919C84-D705-4A3D-9B0C-B84EB36CE633}.DebugLocal|Any CPU.ActiveCfg = Debug|Any CPU
		{E0919C84-D705-4A3D-9B0C-B84EB36CE633}.DebugLocal|Any CPU.Build.0 = Debug|Any CPU
		{E0919C84-D705-4A3D-9B0C-B84EB36CE633}.Development|Any CPU.ActiveCfg = Debug|Any CPU
		{E0919C84-D705-4A3D-9B0C-B84EB36CE633}.Development|Any CPU.Build.0 = Debug|Any CPU
		{E0919C84-D705-4A3D-9B0C-B84EB36CE633}.Production|Any CPU.ActiveCfg = Release|Any CPU
		{E0919C84-D705-4A3D-9B0C-B84EB36CE633}.Production|Any CPU.Build.0 = Release|Any CPU
		{E0919C84-D705-4A3D-9B0C-B84EB36CE633}.Release|Any CPU.ActiveCfg = Release|Any CPU
		{E0919C84-D705-4A3D-9B0C-B84EB36CE633}.Release|Any CPU.Build.0 = Release|Any CPU
		{7F8ED415-C823-4B3B-9AE6-3B3FF696E2AF}.Debug|Any CPU.ActiveCfg = Debug
		{7F8ED415-C823-4B3B-9AE6-3B3FF696E2AF}.DebugLocal|Any CPU.ActiveCfg = DebugLocal
		{7F8ED415-C823-4B3B-9AE6-3B3FF696E2AF}.DebugLocal|Any CPU.Build.0 = DebugLocal
		{7F8ED415-C823-4B3B-9AE6-3B3FF696E2AF}.Development|Any CPU.ActiveCfg = DebugLocal
		{7F8ED415-C823-4B3B-9AE6-3B3FF696E2AF}.Development|Any CPU.Build.0 = DebugLocal
		{7F8ED415-C823-4B3B-9AE6-3B3FF696E2AF}.Development|Any CPU.Deploy.0 = DebugLocal
		{7F8ED415-C823-4B3B-9AE6-3B3FF696E2AF}.Production|Any CPU.ActiveCfg = Release
		{7F8ED415-C823-4B3B-9AE6-3B3FF696E2AF}.Production|Any CPU.Build.0 = Release
		{7F8ED415-C823-4B3B-9AE6-3B3FF696E2AF}.Production|Any CPU.Deploy.0 = Release
		{7F8ED415-C823-4B3B-9AE6-3B3FF696E2AF}.Release|Any CPU.ActiveCfg = Release
		{7F8ED415-C823-4B3B-9AE6-3B3FF696E2AF}.Release|Any CPU.Build.0 = Release
		{7F8ED415-C823-4B3B-9AE6-3B3FF696E2AF}.Release|Any CPU.Deploy.0 = Release
		{BE40AE22-1A21-4C28-A889-D73F6B6633A4}.Debug|Any CPU.ActiveCfg = Debug|Any CPU
		{BE40AE22-1A21-4C28-A889-D73F6B6633A4}.DebugLocal|Any CPU.ActiveCfg = Debug|Any CPU
		{BE40AE22-1A21-4C28-A889-D73F6B6633A4}.DebugLocal|Any CPU.Build.0 = Debug|Any CPU
		{BE40AE22-1A21-4C28-A889-D73F6B6633A4}.Development|Any CPU.ActiveCfg = Debug|Any CPU
		{BE40AE22-1A21-4C28-A889-D73F6B6633A4}.Development|Any CPU.Build.0 = Debug|Any CPU
		{BE40AE22-1A21-4C28-A889-D73F6B6633A4}.Production|Any CPU.ActiveCfg = Release|Any CPU
		{BE40AE22-1A21-4C28-A889-D73F6B6633A4}.Production|Any CPU.Build.0 = Release|Any CPU
		{BE40AE22-1A21-4C28-A889-D73F6B6633A4}.Release|Any CPU.ActiveCfg = Release|Any CPU
		{BE40AE22-1A21-4C28-A889-D73F6B6633A4}.Release|Any CPU.Build.0 = Release|Any CPU
		{8D909B18-47C6-42AB-975D-F92621640822}.Debug|Any CPU.ActiveCfg = Debug|Any CPU
		{8D909B18-47C6-42AB-975D-F92621640822}.DebugLocal|Any CPU.ActiveCfg = Debug|Any CPU
		{8D909B18-47C6-42AB-975D-F92621640822}.DebugLocal|Any CPU.Build.0 = Debug|Any CPU
		{8D909B18-47C6-42AB-975D-F92621640822}.Development|Any CPU.ActiveCfg = Debug|Any CPU
		{8D909B18-47C6-42AB-975D-F92621640822}.Development|Any CPU.Build.0 = Debug|Any CPU
		{8D909B18-47C6-42AB-975D-F92621640822}.Production|Any CPU.ActiveCfg = Release|Any CPU
		{8D909B18-47C6-42AB-975D-F92621640822}.Production|Any CPU.Build.0 = Release|Any CPU
		{8D909B18-47C6-42AB-975D-F92621640822}.Release|Any CPU.ActiveCfg = Release|Any CPU
		{8D909B18-47C6-42AB-975D-F92621640822}.Release|Any CPU.Build.0 = Release|Any CPU
		{514F8AAB-D264-4FC3-AE14-8000EC5C473F}.Debug|Any CPU.ActiveCfg = Debug|Any CPU
		{514F8AAB-D264-4FC3-AE14-8000EC5C473F}.DebugLocal|Any CPU.ActiveCfg = Debug|Any CPU
		{514F8AAB-D264-4FC3-AE14-8000EC5C473F}.DebugLocal|Any CPU.Build.0 = Debug|Any CPU
		{514F8AAB-D264-4FC3-AE14-8000EC5C473F}.Development|Any CPU.ActiveCfg = Debug|Any CPU
		{514F8AAB-D264-4FC3-AE14-8000EC5C473F}.Development|Any CPU.Build.0 = Debug|Any CPU
		{514F8AAB-D264-4FC3-AE14-8000EC5C473F}.Production|Any CPU.ActiveCfg = Release|Any CPU
		{514F8AAB-D264-4FC3-AE14-8000EC5C473F}.Production|Any CPU.Build.0 = Release|Any CPU
		{514F8AAB-D264-4FC3-AE14-8000EC5C473F}.Release|Any CPU.ActiveCfg = Release|Any CPU
		{514F8AAB-D264-4FC3-AE14-8000EC5C473F}.Release|Any CPU.Build.0 = Release|Any CPU
		{86160DBC-1752-4173-B038-9B29316F34E7}.Debug|Any CPU.ActiveCfg = Debug|Any CPU
		{86160DBC-1752-4173-B038-9B29316F34E7}.DebugLocal|Any CPU.ActiveCfg = Debug|Any CPU
		{86160DBC-1752-4173-B038-9B29316F34E7}.DebugLocal|Any CPU.Build.0 = Debug|Any CPU
		{86160DBC-1752-4173-B038-9B29316F34E7}.Development|Any CPU.ActiveCfg = Debug|Any CPU
		{86160DBC-1752-4173-B038-9B29316F34E7}.Development|Any CPU.Build.0 = Debug|Any CPU
		{86160DBC-1752-4173-B038-9B29316F34E7}.Production|Any CPU.ActiveCfg = Release|Any CPU
		{86160DBC-1752-4173-B038-9B29316F34E7}.Production|Any CPU.Build.0 = Release|Any CPU
		{86160DBC-1752-4173-B038-9B29316F34E7}.Release|Any CPU.ActiveCfg = Release|Any CPU
		{86160DBC-1752-4173-B038-9B29316F34E7}.Release|Any CPU.Build.0 = Release|Any CPU
		{DC42D2DC-90FC-4F38-AC9B-793DC11B5598}.Debug|Any CPU.ActiveCfg = Debug
		{DC42D2DC-90FC-4F38-AC9B-793DC11B5598}.DebugLocal|Any CPU.ActiveCfg = DebugLocal
		{DC42D2DC-90FC-4F38-AC9B-793DC11B5598}.DebugLocal|Any CPU.Build.0 = DebugLocal
		{DC42D2DC-90FC-4F38-AC9B-793DC11B5598}.DebugLocal|Any CPU.Deploy.0 = DebugLocal
		{DC42D2DC-90FC-4F38-AC9B-793DC11B5598}.Development|Any CPU.ActiveCfg = DebugLocal
		{DC42D2DC-90FC-4F38-AC9B-793DC11B5598}.Development|Any CPU.Build.0 = DebugLocal
		{DC42D2DC-90FC-4F38-AC9B-793DC11B5598}.Development|Any CPU.Deploy.0 = DebugLocal
		{DC42D2DC-90FC-4F38-AC9B-793DC11B5598}.Production|Any CPU.ActiveCfg = Release
		{DC42D2DC-90FC-4F38-AC9B-793DC11B5598}.Production|Any CPU.Build.0 = Release
		{DC42D2DC-90FC-4F38-AC9B-793DC11B5598}.Production|Any CPU.Deploy.0 = Release
		{DC42D2DC-90FC-4F38-AC9B-793DC11B5598}.Release|Any CPU.ActiveCfg = Release
		{DC42D2DC-90FC-4F38-AC9B-793DC11B5598}.Release|Any CPU.Build.0 = Release
		{DC42D2DC-90FC-4F38-AC9B-793DC11B5598}.Release|Any CPU.Deploy.0 = Release
		{59092C41-E903-46BD-ACEE-969DD51C26A3}.Debug|Any CPU.ActiveCfg = Debug|Any CPU
		{59092C41-E903-46BD-ACEE-969DD51C26A3}.DebugLocal|Any CPU.ActiveCfg = Debug|Any CPU
		{59092C41-E903-46BD-ACEE-969DD51C26A3}.DebugLocal|Any CPU.Build.0 = Debug|Any CPU
		{59092C41-E903-46BD-ACEE-969DD51C26A3}.Development|Any CPU.ActiveCfg = Debug|Any CPU
		{59092C41-E903-46BD-ACEE-969DD51C26A3}.Development|Any CPU.Build.0 = Debug|Any CPU
		{59092C41-E903-46BD-ACEE-969DD51C26A3}.Production|Any CPU.ActiveCfg = Release|Any CPU
		{59092C41-E903-46BD-ACEE-969DD51C26A3}.Production|Any CPU.Build.0 = Release|Any CPU
		{59092C41-E903-46BD-ACEE-969DD51C26A3}.Release|Any CPU.ActiveCfg = Release|Any CPU
		{59092C41-E903-46BD-ACEE-969DD51C26A3}.Release|Any CPU.Build.0 = Release|Any CPU
		{1841D816-21DE-4981-A0A5-9F3275E1CDA1}.Debug|Any CPU.ActiveCfg = Debug
		{1841D816-21DE-4981-A0A5-9F3275E1CDA1}.DebugLocal|Any CPU.ActiveCfg = DebugLocal
		{1841D816-21DE-4981-A0A5-9F3275E1CDA1}.DebugLocal|Any CPU.Build.0 = DebugLocal
		{1841D816-21DE-4981-A0A5-9F3275E1CDA1}.Development|Any CPU.ActiveCfg = DebugLocal
		{1841D816-21DE-4981-A0A5-9F3275E1CDA1}.Development|Any CPU.Build.0 = DebugLocal
		{1841D816-21DE-4981-A0A5-9F3275E1CDA1}.Production|Any CPU.ActiveCfg = Release
		{1841D816-21DE-4981-A0A5-9F3275E1CDA1}.Production|Any CPU.Build.0 = Release
		{1841D816-21DE-4981-A0A5-9F3275E1CDA1}.Production|Any CPU.Deploy.0 = Release
		{1841D816-21DE-4981-A0A5-9F3275E1CDA1}.Release|Any CPU.ActiveCfg = Release
		{1841D816-21DE-4981-A0A5-9F3275E1CDA1}.Release|Any CPU.Build.0 = Release
		{1841D816-21DE-4981-A0A5-9F3275E1CDA1}.Release|Any CPU.Deploy.0 = Release
		{734BB3E6-3794-4D6B-8C2A-C3B13946201D}.Debug|Any CPU.ActiveCfg = Debug|Any CPU
		{734BB3E6-3794-4D6B-8C2A-C3B13946201D}.DebugLocal|Any CPU.ActiveCfg = Debug|Any CPU
		{734BB3E6-3794-4D6B-8C2A-C3B13946201D}.DebugLocal|Any CPU.Build.0 = Debug|Any CPU
		{734BB3E6-3794-4D6B-8C2A-C3B13946201D}.Development|Any CPU.ActiveCfg = Debug|Any CPU
		{734BB3E6-3794-4D6B-8C2A-C3B13946201D}.Development|Any CPU.Build.0 = Debug|Any CPU
		{734BB3E6-3794-4D6B-8C2A-C3B13946201D}.Production|Any CPU.ActiveCfg = Release|Any CPU
		{734BB3E6-3794-4D6B-8C2A-C3B13946201D}.Production|Any CPU.Build.0 = Release|Any CPU
		{734BB3E6-3794-4D6B-8C2A-C3B13946201D}.Release|Any CPU.ActiveCfg = Release|Any CPU
		{734BB3E6-3794-4D6B-8C2A-C3B13946201D}.Release|Any CPU.Build.0 = Release|Any CPU
		{01095130-D4AC-4B21-B72E-663CECFE2210}.Debug|Any CPU.ActiveCfg = Debug|Any CPU
		{01095130-D4AC-4B21-B72E-663CECFE2210}.Debug|Any CPU.Build.0 = Debug|Any CPU
		{01095130-D4AC-4B21-B72E-663CECFE2210}.DebugLocal|Any CPU.ActiveCfg = Debug|Any CPU
		{01095130-D4AC-4B21-B72E-663CECFE2210}.DebugLocal|Any CPU.Build.0 = Debug|Any CPU
		{01095130-D4AC-4B21-B72E-663CECFE2210}.Development|Any CPU.ActiveCfg = Debug|Any CPU
		{01095130-D4AC-4B21-B72E-663CECFE2210}.Development|Any CPU.Build.0 = Debug|Any CPU
		{01095130-D4AC-4B21-B72E-663CECFE2210}.Production|Any CPU.ActiveCfg = Release|Any CPU
		{01095130-D4AC-4B21-B72E-663CECFE2210}.Production|Any CPU.Build.0 = Release|Any CPU
		{01095130-D4AC-4B21-B72E-663CECFE2210}.Release|Any CPU.ActiveCfg = Release|Any CPU
		{01095130-D4AC-4B21-B72E-663CECFE2210}.Release|Any CPU.Build.0 = Release|Any CPU
		{F709D559-150A-4478-B78B-27374142DF6A}.Debug|Any CPU.ActiveCfg = Debug|Any CPU
		{F709D559-150A-4478-B78B-27374142DF6A}.Debug|Any CPU.Build.0 = Debug|Any CPU
		{F709D559-150A-4478-B78B-27374142DF6A}.DebugLocal|Any CPU.ActiveCfg = Debug|Any CPU
		{F709D559-150A-4478-B78B-27374142DF6A}.DebugLocal|Any CPU.Build.0 = Debug|Any CPU
		{F709D559-150A-4478-B78B-27374142DF6A}.Development|Any CPU.ActiveCfg = Debug|Any CPU
		{F709D559-150A-4478-B78B-27374142DF6A}.Development|Any CPU.Build.0 = Debug|Any CPU
		{F709D559-150A-4478-B78B-27374142DF6A}.Production|Any CPU.ActiveCfg = Release|Any CPU
		{F709D559-150A-4478-B78B-27374142DF6A}.Production|Any CPU.Build.0 = Release|Any CPU
		{F709D559-150A-4478-B78B-27374142DF6A}.Release|Any CPU.ActiveCfg = Release|Any CPU
		{F709D559-150A-4478-B78B-27374142DF6A}.Release|Any CPU.Build.0 = Release|Any CPU
		{5BDA9851-DCF8-4460-AB6E-60E550FD331A}.Debug|Any CPU.ActiveCfg = Debug
		{5BDA9851-DCF8-4460-AB6E-60E550FD331A}.Debug|Any CPU.Build.0 = Debug
		{5BDA9851-DCF8-4460-AB6E-60E550FD331A}.Debug|Any CPU.Deploy.0 = Debug
		{5BDA9851-DCF8-4460-AB6E-60E550FD331A}.DebugLocal|Any CPU.ActiveCfg = DebugLocal
		{5BDA9851-DCF8-4460-AB6E-60E550FD331A}.DebugLocal|Any CPU.Build.0 = DebugLocal
		{5BDA9851-DCF8-4460-AB6E-60E550FD331A}.DebugLocal|Any CPU.Deploy.0 = DebugLocal
		{5BDA9851-DCF8-4460-AB6E-60E550FD331A}.Development|Any CPU.ActiveCfg = DebugLocal
		{5BDA9851-DCF8-4460-AB6E-60E550FD331A}.Development|Any CPU.Build.0 = DebugLocal
		{5BDA9851-DCF8-4460-AB6E-60E550FD331A}.Development|Any CPU.Deploy.0 = DebugLocal
		{5BDA9851-DCF8-4460-AB6E-60E550FD331A}.Production|Any CPU.ActiveCfg = Release
		{5BDA9851-DCF8-4460-AB6E-60E550FD331A}.Production|Any CPU.Build.0 = Release
		{5BDA9851-DCF8-4460-AB6E-60E550FD331A}.Production|Any CPU.Deploy.0 = Release
		{5BDA9851-DCF8-4460-AB6E-60E550FD331A}.Release|Any CPU.ActiveCfg = Release
		{5BDA9851-DCF8-4460-AB6E-60E550FD331A}.Release|Any CPU.Build.0 = Release
		{5BDA9851-DCF8-4460-AB6E-60E550FD331A}.Release|Any CPU.Deploy.0 = Release
		{C7C9F153-97C5-4D85-9C41-DF64E23CF732}.Debug|Any CPU.ActiveCfg = Debug|Any CPU
		{C7C9F153-97C5-4D85-9C41-DF64E23CF732}.Debug|Any CPU.Build.0 = Debug|Any CPU
		{C7C9F153-97C5-4D85-9C41-DF64E23CF732}.DebugLocal|Any CPU.ActiveCfg = Debug|Any CPU
		{C7C9F153-97C5-4D85-9C41-DF64E23CF732}.DebugLocal|Any CPU.Build.0 = Debug|Any CPU
		{C7C9F153-97C5-4D85-9C41-DF64E23CF732}.Development|Any CPU.ActiveCfg = Debug|Any CPU
		{C7C9F153-97C5-4D85-9C41-DF64E23CF732}.Development|Any CPU.Build.0 = Debug|Any CPU
		{C7C9F153-97C5-4D85-9C41-DF64E23CF732}.Production|Any CPU.ActiveCfg = Release|Any CPU
		{C7C9F153-97C5-4D85-9C41-DF64E23CF732}.Production|Any CPU.Build.0 = Release|Any CPU
		{C7C9F153-97C5-4D85-9C41-DF64E23CF732}.Release|Any CPU.ActiveCfg = Release|Any CPU
		{C7C9F153-97C5-4D85-9C41-DF64E23CF732}.Release|Any CPU.Build.0 = Release|Any CPU
		{0244A683-705B-4552-B2ED-18BFA3CA3BAA}.Debug|Any CPU.ActiveCfg = Debug|Any CPU
		{0244A683-705B-4552-B2ED-18BFA3CA3BAA}.Debug|Any CPU.Build.0 = Debug|Any CPU
		{0244A683-705B-4552-B2ED-18BFA3CA3BAA}.DebugLocal|Any CPU.ActiveCfg = Debug|Any CPU
		{0244A683-705B-4552-B2ED-18BFA3CA3BAA}.DebugLocal|Any CPU.Build.0 = Debug|Any CPU
		{0244A683-705B-4552-B2ED-18BFA3CA3BAA}.Development|Any CPU.ActiveCfg = Debug|Any CPU
		{0244A683-705B-4552-B2ED-18BFA3CA3BAA}.Development|Any CPU.Build.0 = Debug|Any CPU
		{0244A683-705B-4552-B2ED-18BFA3CA3BAA}.Production|Any CPU.ActiveCfg = Release|Any CPU
		{0244A683-705B-4552-B2ED-18BFA3CA3BAA}.Production|Any CPU.Build.0 = Release|Any CPU
		{0244A683-705B-4552-B2ED-18BFA3CA3BAA}.Release|Any CPU.ActiveCfg = Release|Any CPU
		{0244A683-705B-4552-B2ED-18BFA3CA3BAA}.Release|Any CPU.Build.0 = Release|Any CPU
		{AFCCE07F-A662-498E-99E6-2C37FD32C6D4}.Debug|Any CPU.ActiveCfg = Debug|Any CPU
		{AFCCE07F-A662-498E-99E6-2C37FD32C6D4}.Debug|Any CPU.Build.0 = Debug|Any CPU
		{AFCCE07F-A662-498E-99E6-2C37FD32C6D4}.DebugLocal|Any CPU.ActiveCfg = Debug|Any CPU
		{AFCCE07F-A662-498E-99E6-2C37FD32C6D4}.DebugLocal|Any CPU.Build.0 = Debug|Any CPU
		{AFCCE07F-A662-498E-99E6-2C37FD32C6D4}.Development|Any CPU.ActiveCfg = Debug|Any CPU
		{AFCCE07F-A662-498E-99E6-2C37FD32C6D4}.Development|Any CPU.Build.0 = Debug|Any CPU
		{AFCCE07F-A662-498E-99E6-2C37FD32C6D4}.Production|Any CPU.ActiveCfg = Release|Any CPU
		{AFCCE07F-A662-498E-99E6-2C37FD32C6D4}.Production|Any CPU.Build.0 = Release|Any CPU
		{AFCCE07F-A662-498E-99E6-2C37FD32C6D4}.Release|Any CPU.ActiveCfg = Release|Any CPU
		{AFCCE07F-A662-498E-99E6-2C37FD32C6D4}.Release|Any CPU.Build.0 = Release|Any CPU
		{8344FFBC-F06E-4B14-8F69-158357B2E855}.Debug|Any CPU.ActiveCfg = Debug|Any CPU
		{8344FFBC-F06E-4B14-8F69-158357B2E855}.Debug|Any CPU.Build.0 = Debug|Any CPU
		{8344FFBC-F06E-4B14-8F69-158357B2E855}.DebugLocal|Any CPU.ActiveCfg = Debug|Any CPU
		{8344FFBC-F06E-4B14-8F69-158357B2E855}.DebugLocal|Any CPU.Build.0 = Debug|Any CPU
		{8344FFBC-F06E-4B14-8F69-158357B2E855}.Development|Any CPU.ActiveCfg = Debug|Any CPU
		{8344FFBC-F06E-4B14-8F69-158357B2E855}.Development|Any CPU.Build.0 = Debug|Any CPU
		{8344FFBC-F06E-4B14-8F69-158357B2E855}.Production|Any CPU.ActiveCfg = Release|Any CPU
		{8344FFBC-F06E-4B14-8F69-158357B2E855}.Production|Any CPU.Build.0 = Release|Any CPU
		{8344FFBC-F06E-4B14-8F69-158357B2E855}.Release|Any CPU.ActiveCfg = Release|Any CPU
		{8344FFBC-F06E-4B14-8F69-158357B2E855}.Release|Any CPU.Build.0 = Release|Any CPU
		{9A92C844-8A84-4FD5-94CD-79BD08C81890}.Debug|Any CPU.ActiveCfg = Debug|Any CPU
		{9A92C844-8A84-4FD5-94CD-79BD08C81890}.Debug|Any CPU.Build.0 = Debug|Any CPU
		{9A92C844-8A84-4FD5-94CD-79BD08C81890}.DebugLocal|Any CPU.ActiveCfg = Debug|Any CPU
		{9A92C844-8A84-4FD5-94CD-79BD08C81890}.DebugLocal|Any CPU.Build.0 = Debug|Any CPU
		{9A92C844-8A84-4FD5-94CD-79BD08C81890}.Development|Any CPU.ActiveCfg = Debug|Any CPU
		{9A92C844-8A84-4FD5-94CD-79BD08C81890}.Development|Any CPU.Build.0 = Debug|Any CPU
		{9A92C844-8A84-4FD5-94CD-79BD08C81890}.Production|Any CPU.ActiveCfg = Release|Any CPU
		{9A92C844-8A84-4FD5-94CD-79BD08C81890}.Production|Any CPU.Build.0 = Release|Any CPU
		{9A92C844-8A84-4FD5-94CD-79BD08C81890}.Release|Any CPU.ActiveCfg = Release|Any CPU
		{9A92C844-8A84-4FD5-94CD-79BD08C81890}.Release|Any CPU.Build.0 = Release|Any CPU
		{03B60A53-8F31-4C42-80D6-1C041F682E22}.Debug|Any CPU.ActiveCfg = Debug
		{03B60A53-8F31-4C42-80D6-1C041F682E22}.Debug|Any CPU.Build.0 = Debug
		{03B60A53-8F31-4C42-80D6-1C041F682E22}.Debug|Any CPU.Deploy.0 = Debug
		{03B60A53-8F31-4C42-80D6-1C041F682E22}.DebugLocal|Any CPU.ActiveCfg = DebugLocal
		{03B60A53-8F31-4C42-80D6-1C041F682E22}.DebugLocal|Any CPU.Build.0 = DebugLocal
		{03B60A53-8F31-4C42-80D6-1C041F682E22}.DebugLocal|Any CPU.Deploy.0 = DebugLocal
		{03B60A53-8F31-4C42-80D6-1C041F682E22}.Development|Any CPU.ActiveCfg = DebugLocal
		{03B60A53-8F31-4C42-80D6-1C041F682E22}.Development|Any CPU.Build.0 = DebugLocal
		{03B60A53-8F31-4C42-80D6-1C041F682E22}.Development|Any CPU.Deploy.0 = DebugLocal
		{03B60A53-8F31-4C42-80D6-1C041F682E22}.Production|Any CPU.ActiveCfg = Release
		{03B60A53-8F31-4C42-80D6-1C041F682E22}.Production|Any CPU.Build.0 = Release
		{03B60A53-8F31-4C42-80D6-1C041F682E22}.Production|Any CPU.Deploy.0 = Release
		{03B60A53-8F31-4C42-80D6-1C041F682E22}.Release|Any CPU.ActiveCfg = Release
		{03B60A53-8F31-4C42-80D6-1C041F682E22}.Release|Any CPU.Build.0 = Release
		{03B60A53-8F31-4C42-80D6-1C041F682E22}.Release|Any CPU.Deploy.0 = Release
		{AC27DC7D-2C80-4E13-8F89-4E31FDBEDA1A}.Debug|Any CPU.ActiveCfg = Debug
		{AC27DC7D-2C80-4E13-8F89-4E31FDBEDA1A}.Debug|Any CPU.Build.0 = Debug
		{AC27DC7D-2C80-4E13-8F89-4E31FDBEDA1A}.Debug|Any CPU.Deploy.0 = Debug
		{AC27DC7D-2C80-4E13-8F89-4E31FDBEDA1A}.DebugLocal|Any CPU.ActiveCfg = DebugLocal
		{AC27DC7D-2C80-4E13-8F89-4E31FDBEDA1A}.DebugLocal|Any CPU.Build.0 = DebugLocal
		{AC27DC7D-2C80-4E13-8F89-4E31FDBEDA1A}.DebugLocal|Any CPU.Deploy.0 = DebugLocal
		{AC27DC7D-2C80-4E13-8F89-4E31FDBEDA1A}.Development|Any CPU.ActiveCfg = DebugLocal
		{AC27DC7D-2C80-4E13-8F89-4E31FDBEDA1A}.Development|Any CPU.Build.0 = DebugLocal
		{AC27DC7D-2C80-4E13-8F89-4E31FDBEDA1A}.Development|Any CPU.Deploy.0 = DebugLocal
		{AC27DC7D-2C80-4E13-8F89-4E31FDBEDA1A}.Production|Any CPU.ActiveCfg = Release
		{AC27DC7D-2C80-4E13-8F89-4E31FDBEDA1A}.Production|Any CPU.Build.0 = Release
		{AC27DC7D-2C80-4E13-8F89-4E31FDBEDA1A}.Production|Any CPU.Deploy.0 = Release
		{AC27DC7D-2C80-4E13-8F89-4E31FDBEDA1A}.Release|Any CPU.ActiveCfg = Release
		{AC27DC7D-2C80-4E13-8F89-4E31FDBEDA1A}.Release|Any CPU.Build.0 = Release
		{AC27DC7D-2C80-4E13-8F89-4E31FDBEDA1A}.Release|Any CPU.Deploy.0 = Release
		{D5B9E2E3-ED90-48BE-8BE1-9CD187F23A66}.Debug|Any CPU.ActiveCfg = Debug
		{D5B9E2E3-ED90-48BE-8BE1-9CD187F23A66}.Debug|Any CPU.Build.0 = Debug
		{D5B9E2E3-ED90-48BE-8BE1-9CD187F23A66}.Debug|Any CPU.Deploy.0 = Debug
		{D5B9E2E3-ED90-48BE-8BE1-9CD187F23A66}.DebugLocal|Any CPU.ActiveCfg = DebugLocal
		{D5B9E2E3-ED90-48BE-8BE1-9CD187F23A66}.DebugLocal|Any CPU.Build.0 = DebugLocal
		{D5B9E2E3-ED90-48BE-8BE1-9CD187F23A66}.DebugLocal|Any CPU.Deploy.0 = DebugLocal
		{D5B9E2E3-ED90-48BE-8BE1-9CD187F23A66}.Development|Any CPU.ActiveCfg = DebugLocal
		{D5B9E2E3-ED90-48BE-8BE1-9CD187F23A66}.Development|Any CPU.Build.0 = DebugLocal
		{D5B9E2E3-ED90-48BE-8BE1-9CD187F23A66}.Development|Any CPU.Deploy.0 = DebugLocal
		{D5B9E2E3-ED90-48BE-8BE1-9CD187F23A66}.Production|Any CPU.ActiveCfg = Release
		{D5B9E2E3-ED90-48BE-8BE1-9CD187F23A66}.Production|Any CPU.Build.0 = Release
		{D5B9E2E3-ED90-48BE-8BE1-9CD187F23A66}.Production|Any CPU.Deploy.0 = Release
		{D5B9E2E3-ED90-48BE-8BE1-9CD187F23A66}.Release|Any CPU.ActiveCfg = Release
		{D5B9E2E3-ED90-48BE-8BE1-9CD187F23A66}.Release|Any CPU.Build.0 = Release
		{D5B9E2E3-ED90-48BE-8BE1-9CD187F23A66}.Release|Any CPU.Deploy.0 = Release
		{C0F701BA-78AD-477F-9B8A-D8AF34A27F74}.Debug|Any CPU.ActiveCfg = Debug|Any CPU
		{C0F701BA-78AD-477F-9B8A-D8AF34A27F74}.Debug|Any CPU.Build.0 = Debug|Any CPU
		{C0F701BA-78AD-477F-9B8A-D8AF34A27F74}.DebugLocal|Any CPU.ActiveCfg = Debug|Any CPU
		{C0F701BA-78AD-477F-9B8A-D8AF34A27F74}.DebugLocal|Any CPU.Build.0 = Debug|Any CPU
		{C0F701BA-78AD-477F-9B8A-D8AF34A27F74}.Development|Any CPU.ActiveCfg = Debug|Any CPU
		{C0F701BA-78AD-477F-9B8A-D8AF34A27F74}.Development|Any CPU.Build.0 = Debug|Any CPU
		{C0F701BA-78AD-477F-9B8A-D8AF34A27F74}.Production|Any CPU.ActiveCfg = Release|Any CPU
		{C0F701BA-78AD-477F-9B8A-D8AF34A27F74}.Production|Any CPU.Build.0 = Release|Any CPU
		{C0F701BA-78AD-477F-9B8A-D8AF34A27F74}.Release|Any CPU.ActiveCfg = Release|Any CPU
		{C0F701BA-78AD-477F-9B8A-D8AF34A27F74}.Release|Any CPU.Build.0 = Release|Any CPU
	EndGlobalSection
	GlobalSection(SolutionProperties) = preSolution
		HideSolutionNode = FALSE
	EndGlobalSection
EndGlobal
