
Microsoft Visual Studio Solution File, Format Version 12.00
# Visual Studio 2012
Project("{F14B399A-7131-4C87-9E4B-1186C45EF12D}") = "LQ_Report", "LQ_Report.rptproj", "{0931FE48-F53A-4AF6-AEBF-26B0A28E698B}"
EndProject
Global
	GlobalSection(SolutionConfigurationPlatforms) = preSolution
		Debug|Default = Debug|Default
		DebugLocal|Default = DebugLocal|Default
		Release|Default = Release|Default
	EndGlobalSection
	GlobalSection(ProjectConfigurationPlatforms) = postSolution
		{0931FE48-F53A-4AF6-AEBF-26B0A28E698B}.Debug|Default.ActiveCfg = Debug
		{0931FE48-F53A-4AF6-AEBF-26B0A28E698B}.Debug|Default.Build.0 = Debug
		{0931FE48-F53A-4AF6-AEBF-26B0A28E698B}.Debug|Default.Deploy.0 = Debug
		{0931FE48-F53A-4AF6-AEBF-26B0A28E698B}.DebugLocal|Default.ActiveCfg = DebugLocal
		{0931FE48-F53A-4AF6-AEBF-26B0A28E698B}.DebugLocal|Default.Build.0 = DebugLocal
		{0931FE48-F53A-4AF6-AEBF-26B0A28E698B}.DebugLocal|Default.Deploy.0 = DebugLocal
		{0931FE48-F53A-4AF6-AEBF-26B0A28E698B}.Release|Default.ActiveCfg = Release
		{0931FE48-F53A-4AF6-AEBF-26B0A28E698B}.Release|Default.Build.0 = Release
		{0931FE48-F53A-4AF6-AEBF-26B0A28E698B}.Release|Default.Deploy.0 = Release
	EndGlobalSection
	GlobalSection(SolutionProperties) = preSolution
		HideSolutionNode = FALSE
	EndGlobalSection
EndGlobal
