
Microsoft Visual Studio Solution File, Format Version 12.00
# Visual Studio 2012
Project("{F14B399A-7131-4C87-9E4B-1186C45EF12D}") = "REAS_Report", "REAS_Report.rptproj", "{66B6F825-FADF-44DA-B5A3-267D8C36E82B}"
EndProject
Global
	GlobalSection(SolutionConfigurationPlatforms) = preSolution
		Debug|Default = Debug|Default
		DebugLocal|Default = DebugLocal|Default
		Release|Default = Release|Default
	EndGlobalSection
	GlobalSection(ProjectConfigurationPlatforms) = postSolution
		{66B6F825-FADF-44DA-B5A3-267D8C36E82B}.Debug|Default.ActiveCfg = Debug
		{66B6F825-FADF-44DA-B5A3-267D8C36E82B}.Debug|Default.Build.0 = Debug
		{66B6F825-FADF-44DA-B5A3-267D8C36E82B}.Debug|Default.Deploy.0 = Debug
		{66B6F825-FADF-44DA-B5A3-267D8C36E82B}.DebugLocal|Default.ActiveCfg = DebugLocal
		{66B6F825-FADF-44DA-B5A3-267D8C36E82B}.DebugLocal|Default.Build.0 = DebugLocal
		{66B6F825-FADF-44DA-B5A3-267D8C36E82B}.DebugLocal|Default.Deploy.0 = DebugLocal
		{66B6F825-FADF-44DA-B5A3-267D8C36E82B}.Release|Default.ActiveCfg = Release
		{66B6F825-FADF-44DA-B5A3-267D8C36E82B}.Release|Default.Build.0 = Release
		{66B6F825-FADF-44DA-B5A3-267D8C36E82B}.Release|Default.Deploy.0 = Release
	EndGlobalSection
	GlobalSection(SolutionProperties) = preSolution
		HideSolutionNode = FALSE
	EndGlobalSection
EndGlobal
