
Microsoft Visual Studio Solution File, Format Version 12.00
# Visual Studio 2012
Project("{F14B399A-7131-4C87-9E4B-1186C45EF12D}") = "GLIFE_Report", "GLIFE_Report.rptproj", "{5B15F071-C75F-4057-82A8-CDA7EDB74021}"
EndProject
Global
	GlobalSection(SolutionConfigurationPlatforms) = preSolution
		Debug|Default = Debug|Default
		DebugLocal|Default = DebugLocal|Default
		Release|Default = Release|Default
	EndGlobalSection
	GlobalSection(ProjectConfigurationPlatforms) = postSolution
		{5B15F071-C75F-4057-82A8-CDA7EDB74021}.Debug|Default.ActiveCfg = Debug
		{5B15F071-C75F-4057-82A8-CDA7EDB74021}.Debug|Default.Build.0 = Debug
		{5B15F071-C75F-4057-82A8-CDA7EDB74021}.Debug|Default.Deploy.0 = Debug
		{5B15F071-C75F-4057-82A8-CDA7EDB74021}.DebugLocal|Default.ActiveCfg = DebugLocal
		{5B15F071-C75F-4057-82A8-CDA7EDB74021}.DebugLocal|Default.Build.0 = DebugLocal
		{5B15F071-C75F-4057-82A8-CDA7EDB74021}.DebugLocal|Default.Deploy.0 = DebugLocal
		{5B15F071-C75F-4057-82A8-CDA7EDB74021}.Release|Default.ActiveCfg = Release
		{5B15F071-C75F-4057-82A8-CDA7EDB74021}.Release|Default.Build.0 = Release
		{5B15F071-C75F-4057-82A8-CDA7EDB74021}.Release|Default.Deploy.0 = Release
	EndGlobalSection
	GlobalSection(SolutionProperties) = preSolution
		HideSolutionNode = FALSE
	EndGlobalSection
EndGlobal
